
Microsoft Visual Studio Solution File, Format Version 12.00
# Visual Studio Version 16
VisualStudioVersion = 16.0.30114.105
MinimumVisualStudioVersion = 10.0.40219.1
Project("{FAE04EC0-301F-11D3-BF4B-00C04F79EFBC}") = "ClubAPI", ".\ClubAPI\ClubAPI.csproj", "{ADEDD086-C16B-4869-BEA7-4C86810ED6EE}"
EndProject
Project("{FAE04EC0-301F-11D3-BF4B-00C04F79EFBC}") = "ClubAPI.UnitTest", ".\ClubAPI.UnitTest\ClubAPI.UnitTest.csproj", "{45729D20-81EE-4752-9AF8-EE17DF56D94A}"
EndProject
Global
	GlobalSection(SolutionConfigurationPlatforms) = preSolution
		Debug|Any CPU = Debug|Any CPU
		Debug|x64 = Debug|x64
		Debug|x86 = Debug|x86
		Release|Any CPU = Release|Any CPU
		Release|x64 = Release|x64
		Release|x86 = Release|x86
	EndGlobalSection
	GlobalSection(SolutionProperties) = preSolution
		HideSolutionNode = FALSE
	EndGlobalSection
	GlobalSection(ProjectConfigurationPlatforms) = postSolution
		{ADEDD086-C16B-4869-BEA7-4C86810ED6EE}.Debug|Any CPU.ActiveCfg = Debug|Any CPU
		{ADEDD086-C16B-4869-BEA7-4C86810ED6EE}.Debug|Any CPU.Build.0 = Debug|Any CPU
		{ADEDD086-C16B-4869-BEA7-4C86810ED6EE}.Debug|x64.ActiveCfg = Debug|Any CPU
		{ADEDD086-C16B-4869-BEA7-4C86810ED6EE}.Debug|x64.Build.0 = Debug|Any CPU
		{ADEDD086-C16B-4869-BEA7-4C86810ED6EE}.Debug|x86.ActiveCfg = Debug|Any CPU
		{ADEDD086-C16B-4869-BEA7-4C86810ED6EE}.Debug|x86.Build.0 = Debug|Any CPU
		{ADEDD086-C16B-4869-BEA7-4C86810ED6EE}.Release|Any CPU.ActiveCfg = Release|Any CPU
		{ADEDD086-C16B-4869-BEA7-4C86810ED6EE}.Release|Any CPU.Build.0 = Release|Any CPU
		{ADEDD086-C16B-4869-BEA7-4C86810ED6EE}.Release|x64.ActiveCfg = Release|Any CPU
		{ADEDD086-C16B-4869-BEA7-4C86810ED6EE}.Release|x64.Build.0 = Release|Any CPU
		{ADEDD086-C16B-4869-BEA7-4C86810ED6EE}.Release|x86.ActiveCfg = Release|Any CPU
		{ADEDD086-C16B-4869-BEA7-4C86810ED6EE}.Release|x86.Build.0 = Release|Any CPU
		{45729D20-81EE-4752-9AF8-EE17DF56D94A}.Debug|Any CPU.ActiveCfg = Debug|Any CPU
		{45729D20-81EE-4752-9AF8-EE17DF56D94A}.Debug|Any CPU.Build.0 = Debug|Any CPU
		{45729D20-81EE-4752-9AF8-EE17DF56D94A}.Debug|x64.ActiveCfg = Debug|Any CPU
		{45729D20-81EE-4752-9AF8-EE17DF56D94A}.Debug|x64.Build.0 = Debug|Any CPU
		{45729D20-81EE-4752-9AF8-EE17DF56D94A}.Debug|x86.ActiveCfg = Debug|Any CPU
		{45729D20-81EE-4752-9AF8-EE17DF56D94A}.Debug|x86.Build.0 = Debug|Any CPU
		{45729D20-81EE-4752-9AF8-EE17DF56D94A}.Release|Any CPU.ActiveCfg = Release|Any CPU
		{45729D20-81EE-4752-9AF8-EE17DF56D94A}.Release|Any CPU.Build.0 = Release|Any CPU
		{45729D20-81EE-4752-9AF8-EE17DF56D94A}.Release|x64.ActiveCfg = Release|Any CPU
		{45729D20-81EE-4752-9AF8-EE17DF56D94A}.Release|x64.Build.0 = Release|Any CPU
		{45729D20-81EE-4752-9AF8-EE17DF56D94A}.Release|x86.ActiveCfg = Release|Any CPU
		{45729D20-81EE-4752-9AF8-EE17DF56D94A}.Release|x86.Build.0 = Release|Any CPU
	EndGlobalSection
EndGlobal
